<Solution>
  <Project Path="AirlineCompany.Api/AirlineCompany.Api.csproj" />
  <Project Path="AirlineCompany.AppHost/AirlineCompany.AppHost.csproj" Id="b96e5f2a-5798-484d-a91c-f083fe160bcb" />
  <Project Path="AirlineCompany.Application/AirlineCompany.Application.csproj" Id="3d0411cb-dbcb-44d3-8556-1e7bd20baa92" />
  <Project Path="AirlineCompany.Core/AirlineCompany.Core.csproj" />
  <Project Path="AirlineCompany.Dto/AirlineCompany.Dto.csproj" Id="030f7b9b-925a-4e17-8d9e-a0fb6540fecc" />
  <Project Path="AirlineCompany.Infrastructure/AirlineCompany.Infrastructure.csproj" Id="2796553d-23ad-401e-95ee-3063515c792f" />
  <Project Path="AirlineCompany.ServiceDefaults/AirlineCompany.ServiceDefaults.csproj" />
  <Project Path="AirlineCompany.Tests/AirlineCompany.Tests.csproj" />
</Solution>
